
Microsoft Visual Studio Solution File, Format Version 12.00
# Visual Studio Version 16
VisualStudioVersion = 16.0.33214.272
MinimumVisualStudioVersion = 10.0.40219.1
Project("{FAE04EC0-301F-11D3-BF4B-00C04F79EFBC}") = "AlbionMap", "AlbionMap.csproj", "{54E8F87B-E831-4B11-B6C8-36471E630066}"
EndProject
Global
	GlobalSection(SolutionConfigurationPlatforms) = preSolution
		Debug|Any CPU = Debug|Any CPU
		Release|Any CPU = Release|Any CPU
	EndGlobalSection
	GlobalSection(ProjectConfigurationPlatforms) = postSolution
		{54E8F87B-E831-4B11-B6C8-36471E630066}.Debug|Any CPU.ActiveCfg = Debug|Any CPU
		{54E8F87B-E831-4B11-B6C8-36471E630066}.Debug|Any CPU.Build.0 = Debug|Any CPU
		{54E8F87B-E831-4B11-B6C8-36471E630066}.Release|Any CPU.ActiveCfg = Release|Any CPU
		{54E8F87B-E831-4B11-B6C8-36471E630066}.Release|Any CPU.Build.0 = Release|Any CPU
	EndGlobalSection
	GlobalSection(SolutionProperties) = preSolution
		HideSolutionNode = FALSE
	EndGlobalSection
	GlobalSection(ExtensibilityGlobals) = postSolution
		SolutionGuid = {68BFD7FA-4E1B-438A-B08B-8E0A964D9B5E}
	EndGlobalSection
EndGlobal
